
Microsoft Visual Studio Solution File, Format Version 12.00
# Visual Studio Version 17
VisualStudioVersion = 17.13.35931.197 d17.13
MinimumVisualStudioVersion = 10.0.40219.1
Project("{FAE04EC0-301F-11D3-BF4B-00C04F79EFBC}") = "AppSharp1", "AppSharp1\AppSharp1.csproj", "{86487451-7663-4C90-8C09-42BDB6649222}"
EndProject
Global
	GlobalSection(SolutionConfigurationPlatforms) = preSolution
		Debug|Any CPU = Debug|Any CPU
		Release|Any CPU = Release|Any CPU
	EndGlobalSection
	GlobalSection(ProjectConfigurationPlatforms) = postSolution
		{86487451-7663-4C90-8C09-42BDB6649222}.Debug|Any CPU.ActiveCfg = Debug|Any CPU
		{86487451-7663-4C90-8C09-42BDB6649222}.Debug|Any CPU.Build.0 = Debug|Any CPU
		{86487451-7663-4C90-8C09-42BDB6649222}.Release|Any CPU.ActiveCfg = Release|Any CPU
		{86487451-7663-4C90-8C09-42BDB6649222}.Release|Any CPU.Build.0 = Release|Any CPU
	EndGlobalSection
	GlobalSection(SolutionProperties) = preSolution
		HideSolutionNode = FALSE
	EndGlobalSection
	GlobalSection(ExtensibilityGlobals) = postSolution
		SolutionGuid = {2BA92F3A-543D-44BB-8C98-1F37C6B118F5}
	EndGlobalSection
EndGlobal
